
Microsoft Visual Studio Solution File, Format Version 12.00
# Visual Studio Version 16
VisualStudioVersion = 16.0.31729.503
MinimumVisualStudioVersion = 10.0.40219.1
Project("{FAE04EC0-301F-11D3-BF4B-00C04F79EFBC}") = "ThinTeleworkLogAnalyzer", "ThinTeleworkLogAnalyzer\ThinTeleworkLogAnalyzer.csproj", "{66097ABD-4E72-4CBC-AD88-F5D18D62806F}"
EndProject
Global
	GlobalSection(SolutionConfigurationPlatforms) = preSolution
		Debug|Any CPU = Debug|Any CPU
		Release|Any CPU = Release|Any CPU
	EndGlobalSection
	GlobalSection(ProjectConfigurationPlatforms) = postSolution
		{66097ABD-4E72-4CBC-AD88-F5D18D62806F}.Debug|Any CPU.ActiveCfg = Debug|Any CPU
		{66097ABD-4E72-4CBC-AD88-F5D18D62806F}.Debug|Any CPU.Build.0 = Debug|Any CPU
		{66097ABD-4E72-4CBC-AD88-F5D18D62806F}.Release|Any CPU.ActiveCfg = Release|Any CPU
		{66097ABD-4E72-4CBC-AD88-F5D18D62806F}.Release|Any CPU.Build.0 = Release|Any CPU
	EndGlobalSection
	GlobalSection(SolutionProperties) = preSolution
		HideSolutionNode = FALSE
	EndGlobalSection
	GlobalSection(ExtensibilityGlobals) = postSolution
		SolutionGuid = {8A6AA04A-DD82-41B3-8502-33D212FD0C3F}
	EndGlobalSection
EndGlobal
